
Microsoft Visual Studio Solution File, Format Version 12.00
# Visual Studio Version 17
VisualStudioVersion = 17.0.32126.317
MinimumVisualStudioVersion = 10.0.40219.1
Project("{FAE04EC0-301F-11D3-BF4B-00C04F79EFBC}") = "ArquivoParaGIT", "ArquivoParaGIT\ArquivoParaGIT.csproj", "{66F96E9F-E8BD-4795-9ADB-067E7429EDC5}"
EndProject
Global
	GlobalSection(SolutionConfigurationPlatforms) = preSolution
		Debug|Any CPU = Debug|Any CPU
		Release|Any CPU = Release|Any CPU
	EndGlobalSection
	GlobalSection(ProjectConfigurationPlatforms) = postSolution
		{66F96E9F-E8BD-4795-9ADB-067E7429EDC5}.Debug|Any CPU.ActiveCfg = Debug|Any CPU
		{66F96E9F-E8BD-4795-9ADB-067E7429EDC5}.Debug|Any CPU.Build.0 = Debug|Any CPU
		{66F96E9F-E8BD-4795-9ADB-067E7429EDC5}.Release|Any CPU.ActiveCfg = Release|Any CPU
		{66F96E9F-E8BD-4795-9ADB-067E7429EDC5}.Release|Any CPU.Build.0 = Release|Any CPU
	EndGlobalSection
	GlobalSection(SolutionProperties) = preSolution
		HideSolutionNode = FALSE
	EndGlobalSection
	GlobalSection(ExtensibilityGlobals) = postSolution
		SolutionGuid = {33308568-CAB7-4965-8605-7C061B2AB0CE}
	EndGlobalSection
EndGlobal
